
Microsoft Visual Studio Solution File, Format Version 12.00
# Visual Studio 15
VisualStudioVersion = 15.0.26730.16
MinimumVisualStudioVersion = 10.0.40219.1
Project("{FAE04EC0-301F-11D3-BF4B-00C04F79EFBC}") = "LR-2", "ConsoleApp7\LR-2.csproj", "{2BD91D47-4E94-4504-9112-535F8076D997}"
EndProject
Global
	GlobalSection(SolutionConfigurationPlatforms) = preSolution
		Debug|Any CPU = Debug|Any CPU
		Release|Any CPU = Release|Any CPU
	EndGlobalSection
	GlobalSection(ProjectConfigurationPlatforms) = postSolution
		{2BD91D47-4E94-4504-9112-535F8076D997}.Debug|Any CPU.ActiveCfg = Debug|Any CPU
		{2BD91D47-4E94-4504-9112-535F8076D997}.Debug|Any CPU.Build.0 = Debug|Any CPU
		{2BD91D47-4E94-4504-9112-535F8076D997}.Release|Any CPU.ActiveCfg = Release|Any CPU
		{2BD91D47-4E94-4504-9112-535F8076D997}.Release|Any CPU.Build.0 = Release|Any CPU
	EndGlobalSection
	GlobalSection(SolutionProperties) = preSolution
		HideSolutionNode = FALSE
	EndGlobalSection
	GlobalSection(ExtensibilityGlobals) = postSolution
		SolutionGuid = {D4BFAAAE-ECBE-44EC-A594-D5A2207AE3F8}
	EndGlobalSection
EndGlobal
